
Microsoft Visual Studio Solution File, Format Version 12.00
# Visual Studio Version 16
VisualStudioVersion = 16.0.32929.386
MinimumVisualStudioVersion = 10.0.40219.1
Project("{FAE04EC0-301F-11D3-BF4B-00C04F79EFBC}") = "slide_app", "slide_app\slide_app.csproj", "{B095CF9C-3CF3-40AE-98E6-CBB2E4F7C793}"
EndProject
Global
	GlobalSection(SolutionConfigurationPlatforms) = preSolution
		Debug|Any CPU = Debug|Any CPU
		Release|Any CPU = Release|Any CPU
	EndGlobalSection
	GlobalSection(ProjectConfigurationPlatforms) = postSolution
		{B095CF9C-3CF3-40AE-98E6-CBB2E4F7C793}.Debug|Any CPU.ActiveCfg = Debug|Any CPU
		{B095CF9C-3CF3-40AE-98E6-CBB2E4F7C793}.Debug|Any CPU.Build.0 = Debug|Any CPU
		{B095CF9C-3CF3-40AE-98E6-CBB2E4F7C793}.Release|Any CPU.ActiveCfg = Release|Any CPU
		{B095CF9C-3CF3-40AE-98E6-CBB2E4F7C793}.Release|Any CPU.Build.0 = Release|Any CPU
	EndGlobalSection
	GlobalSection(SolutionProperties) = preSolution
		HideSolutionNode = FALSE
	EndGlobalSection
	GlobalSection(ExtensibilityGlobals) = postSolution
		SolutionGuid = {1AD3B18E-B3EC-4E05-AA55-0DFB2D80777D}
	EndGlobalSection
EndGlobal
